// !$*UTF8*$!
{
	archiveVersion = 1;
	classes = {
	};
	objectVersion = 77;
	objects = {

/* Begin PBXBuildFile section */
		06212DC52E024F9E007A4537 /* VPWHelpView.swift in Sources */ = {isa = PBXBuildFile; fileRef = 06212DC42E024F9E007A4537 /* VPWHelpView.swift */; };
		06212DD22E0B65D2007A4537 /* SentenceToggleStates.swift in Sources */ = {isa = PBXBuildFile; fileRef = 06212DD12E0B65D2007A4537 /* SentenceToggleStates.swift */; };
		06212DD42E0B66FD007A4537 /* SensorToggleStates.swift in Sources */ = {isa = PBXBuildFile; fileRef = 06212DD32E0B66F8007A4537 /* SensorToggleStates.swift */; };
		06212DD72E0B6B1C007A4537 /* HDGHelpView.swift in Sources */ = {isa = PBXBuildFile; fileRef = 06212DD62E0B6B1C007A4537 /* HDGHelpView.swift */; };
		06212DD92E0B6B59007A4537 /* HDTHelpView.swift in Sources */ = {isa = PBXBuildFile; fileRef = 06212DD82E0B6B59007A4537 /* HDTHelpView.swift */; };
		06212DDB2E0B6B83007A4537 /* ROTHelpView.swift in Sources */ = {isa = PBXBuildFile; fileRef = 06212DDA2E0B6B83007A4537 /* ROTHelpView.swift */; };
		06212DDF2E0CCE27007A4537 /* ConsolePanelView.swift in Sources */ = {isa = PBXBuildFile; fileRef = 06212DDE2E0CCE27007A4537 /* ConsolePanelView.swift */; };
		06212DE52E10D9DD007A4537 /* WorkPlaygroundStuff.swift in Sources */ = {isa = PBXBuildFile; fileRef = 06212DE42E10D9CE007A4537 /* WorkPlaygroundStuff.swift */; };
		06212DEA2E10DE31007A4537 /* DBTHelpView.swift in Sources */ = {isa = PBXBuildFile; fileRef = 06212DE92E10DE31007A4537 /* DBTHelpView.swift */; };
		06212DEC2E10DE87007A4537 /* DPTHelpView.swift in Sources */ = {isa = PBXBuildFile; fileRef = 06212DEB2E10DE87007A4537 /* DPTHelpView.swift */; };
		06212DEE2E10DF0E007A4537 /* MTWHelpView.swift in Sources */ = {isa = PBXBuildFile; fileRef = 06212DED2E10DF0E007A4537 /* MTWHelpView.swift */; };
		06212DF02E10DF3B007A4537 /* VHWHelpView.swift in Sources */ = {isa = PBXBuildFile; fileRef = 06212DEF2E10DF3B007A4537 /* VHWHelpView.swift */; };
		06212DF22E10DF4F007A4537 /* VBWHelpView.swift in Sources */ = {isa = PBXBuildFile; fileRef = 06212DF12E10DF4F007A4537 /* VBWHelpView.swift */; };
		06212DF42E10DF70007A4537 /* VLWHelpView.swift in Sources */ = {isa = PBXBuildFile; fileRef = 06212DF32E10DF70007A4537 /* VLWHelpView.swift */; };
		06212E922E149C2C007A4537 /* RMCHelpView.swift in Sources */ = {isa = PBXBuildFile; fileRef = 06212E912E149C2C007A4537 /* RMCHelpView.swift */; };
		06212E942E149CCC007A4537 /* GGAHelpView.swift in Sources */ = {isa = PBXBuildFile; fileRef = 06212E932E149CCC007A4537 /* GGAHelpView.swift */; };
		06212E962E149D03007A4537 /* VTGHelpView.swift in Sources */ = {isa = PBXBuildFile; fileRef = 06212E952E149D03007A4537 /* VTGHelpView.swift */; };
		06212E982E149D3B007A4537 /* GLLHelpView.swift in Sources */ = {isa = PBXBuildFile; fileRef = 06212E972E149D3B007A4537 /* GLLHelpView.swift */; };
		06212E9A2E149D6B007A4537 /* GSAHelpView.swift in Sources */ = {isa = PBXBuildFile; fileRef = 06212E992E149D6B007A4537 /* GSAHelpView.swift */; };
		06212E9C2E149D98007A4537 /* GSVHelpView.swift in Sources */ = {isa = PBXBuildFile; fileRef = 06212E9B2E149D98007A4537 /* GSVHelpView.swift */; };
		06212E9E2E149DCF007A4537 /* ZDAHelpView.swift in Sources */ = {isa = PBXBuildFile; fileRef = 06212E9D2E149DCF007A4537 /* ZDAHelpView.swift */; };
		06212EA02E149F49007A4537 /* GPSMapSelectorView.swift in Sources */ = {isa = PBXBuildFile; fileRef = 06212E9F2E149F49007A4537 /* GPSMapSelectorView.swift */; };
		06212EA22E14A0A4007A4537 /* MapWithRightClick.swift in Sources */ = {isa = PBXBuildFile; fileRef = 06212EA12E14A0A4007A4537 /* MapWithRightClick.swift */; };
		063AADE52E9469FA003B2A7A /* TrailingSidePanel.swift in Sources */ = {isa = PBXBuildFile; fileRef = 063AADE42E9469FA003B2A7A /* TrailingSidePanel.swift */; };
		063AADE82E946F2A003B2A7A /* LeadingSidePanel.swift in Sources */ = {isa = PBXBuildFile; fileRef = 063AADE72E946F2A003B2A7A /* LeadingSidePanel.swift */; };
		063AADF12E947A76003B2A7A /* ControlCategory.swift in Sources */ = {isa = PBXBuildFile; fileRef = 063AADF02E947A71003B2A7A /* ControlCategory.swift */; };
		063AADF62E949A5B003B2A7A /* OpenSeaMapView.swift in Sources */ = {isa = PBXBuildFile; fileRef = 063AADF52E949A5B003B2A7A /* OpenSeaMapView.swift */; };
		0648D2252E00F1FA000DC7E3 /* HeadingConfig.swift in Sources */ = {isa = PBXBuildFile; fileRef = 0648D2242E00F1F6000DC7E3 /* HeadingConfig.swift */; };
		0648D25A2E010520000DC7E3 /* ViewKit.swift in Sources */ = {isa = PBXBuildFile; fileRef = 0648D2592E010520000DC7E3 /* ViewKit.swift */; };
		0648D25D2E02326A000DC7E3 /* NMEASimulator+SentenceBuilder.swift in Sources */ = {isa = PBXBuildFile; fileRef = 0648D25C2E023240000DC7E3 /* NMEASimulator+SentenceBuilder.swift */; };
		0648D25F2E0233A0000DC7E3 /* NMEASimulator+WindCalculations.swift in Sources */ = {isa = PBXBuildFile; fileRef = 0648D25E2E02339D000DC7E3 /* NMEASimulator+WindCalculations.swift */; };
		0648D2612E023441000DC7E3 /* NMEASimulator+FormattedValues.swift in Sources */ = {isa = PBXBuildFile; fileRef = 0648D2602E023437000DC7E3 /* NMEASimulator+FormattedValues.swift */; };
		0648D2642E02433E000DC7E3 /* MWVHelpView.swift in Sources */ = {isa = PBXBuildFile; fileRef = 0648D2632E02433E000DC7E3 /* MWVHelpView.swift */; };
		0648D2662E024807000DC7E3 /* MWDHelpView.swift in Sources */ = {isa = PBXBuildFile; fileRef = 0648D2652E024807000DC7E3 /* MWDHelpView.swift */; };
		065679B02F8869E20008299A /* InstructionManual.md in Resources */ = {isa = PBXBuildFile; fileRef = 065679AC2F8869E20008299A /* InstructionManual.md */; };
		065679B12F8869E20008299A /* CurrentTasks.md in Resources */ = {isa = PBXBuildFile; fileRef = 065679AA2F8869E20008299A /* CurrentTasks.md */; };
		065679B22F8869E20008299A /* ProjectOverview.md in Resources */ = {isa = PBXBuildFile; fileRef = 065679AE2F8869E20008299A /* ProjectOverview.md */; };
		065679B32F8869E20008299A /* CompletedTasks.md in Resources */ = {isa = PBXBuildFile; fileRef = 065679A92F8869E20008299A /* CompletedTasks.md */; };
		065679B42F8869E20008299A /* FutureTasks.md in Resources */ = {isa = PBXBuildFile; fileRef = 065679AB2F8869E20008299A /* FutureTasks.md */; };
		065679B52F8869E20008299A /* ManualTestChecklist.md in Resources */ = {isa = PBXBuildFile; fileRef = 065679AD2F8869E20008299A /* ManualTestChecklist.md */; };
		065679B62F8869E20008299A /* InstructionManual.md in Resources */ = {isa = PBXBuildFile; fileRef = 065679AC2F8869E20008299A /* InstructionManual.md */; };
		065679B72F8869E20008299A /* CurrentTasks.md in Resources */ = {isa = PBXBuildFile; fileRef = 065679AA2F8869E20008299A /* CurrentTasks.md */; };
		065679B82F8869E20008299A /* ProjectOverview.md in Resources */ = {isa = PBXBuildFile; fileRef = 065679AE2F8869E20008299A /* ProjectOverview.md */; };
		065679B92F8869E20008299A /* CompletedTasks.md in Resources */ = {isa = PBXBuildFile; fileRef = 065679A92F8869E20008299A /* CompletedTasks.md */; };
		065679BA2F8869E20008299A /* FutureTasks.md in Resources */ = {isa = PBXBuildFile; fileRef = 065679AB2F8869E20008299A /* FutureTasks.md */; };
		065679BB2F8869E20008299A /* ManualTestChecklist.md in Resources */ = {isa = PBXBuildFile; fileRef = 065679AD2F8869E20008299A /* ManualTestChecklist.md */; };
		065679BC2F8869E20008299A /* InstructionManual.md in Resources */ = {isa = PBXBuildFile; fileRef = 065679AC2F8869E20008299A /* InstructionManual.md */; };
		065679BD2F8869E20008299A /* CurrentTasks.md in Resources */ = {isa = PBXBuildFile; fileRef = 065679AA2F8869E20008299A /* CurrentTasks.md */; };
		065679BE2F8869E20008299A /* ProjectOverview.md in Resources */ = {isa = PBXBuildFile; fileRef = 065679AE2F8869E20008299A /* ProjectOverview.md */; };
		065679BF2F8869E20008299A /* CompletedTasks.md in Resources */ = {isa = PBXBuildFile; fileRef = 065679A92F8869E20008299A /* CompletedTasks.md */; };
		065679C02F8869E20008299A /* FutureTasks.md in Resources */ = {isa = PBXBuildFile; fileRef = 065679AB2F8869E20008299A /* FutureTasks.md */; };
		065679C12F8869E20008299A /* ManualTestChecklist.md in Resources */ = {isa = PBXBuildFile; fileRef = 065679AD2F8869E20008299A /* ManualTestChecklist.md */; };
		066372F92DFF83E000B7348E /* BoatMapPreview.swift in Sources */ = {isa = PBXBuildFile; fileRef = 066372F82DFF83E000B7348E /* BoatMapPreview.swift */; };
		066372FB2DFF8E9200B7348E /* ConsoleView.swift in Sources */ = {isa = PBXBuildFile; fileRef = 066372FA2DFF8E9200B7348E /* ConsoleView.swift */; };
		0682C7622DFE63B200AD0C0B /* AnemometerView.swift in Sources */ = {isa = PBXBuildFile; fileRef = 0682C7612DFE63B200AD0C0B /* AnemometerView.swift */; };
		0682C7642DFE640A00AD0C0B /* Shapes.swift in Sources */ = {isa = PBXBuildFile; fileRef = 0682C7632DFE640A00AD0C0B /* Shapes.swift */; };
		0682C7682DFE653B00AD0C0B /* WindCompass.swift in Sources */ = {isa = PBXBuildFile; fileRef = 0682C7672DFE653B00AD0C0B /* WindCompass.swift */; };
		0682C76E2DFE66D100AD0C0B /* CompassLabelView.swift in Sources */ = {isa = PBXBuildFile; fileRef = 0682C76A2DFE66D100AD0C0B /* CompassLabelView.swift */; };
		0682C76F2DFE66D100AD0C0B /* GaugeMarkerCompass.swift in Sources */ = {isa = PBXBuildFile; fileRef = 0682C76B2DFE66D100AD0C0B /* GaugeMarkerCompass.swift */; };
		0682C7702DFE66D100AD0C0B /* CompassView.swift in Sources */ = {isa = PBXBuildFile; fileRef = 0682C76C2DFE66D100AD0C0B /* CompassView.swift */; };
		06883DE62F78B5AE005DE47D /* OutputEndpoint.swift in Sources */ = {isa = PBXBuildFile; fileRef = 06883DE52F78B5AE005DE47D /* OutputEndpoint.swift */; };
		06883DE82F78B5AE005DE47D /* SimulationSnapshot.swift in Sources */ = {isa = PBXBuildFile; fileRef = 06883DE72F78B5AE005DE47D /* SimulationSnapshot.swift */; };
		06883DEA2F78B925005DE47D /* SimulatorSettings.swift in Sources */ = {isa = PBXBuildFile; fileRef = 06883DE92F78B925005DE47D /* SimulatorSettings.swift */; };
		06883DEC2F78BC26005DE47D /* TCPClient.swift in Sources */ = {isa = PBXBuildFile; fileRef = 06883DEB2F78BC26005DE47D /* TCPClient.swift */; };
		06883DEE2F78C6CD005DE47D /* ManualView.swift in Sources */ = {isa = PBXBuildFile; fileRef = 06883DED2F78C6CD005DE47D /* ManualView.swift */; };
		06AFA93A2F8B049400A76F15 /* LiveWeather.swift in Sources */ = {isa = PBXBuildFile; fileRef = 06AFA9392F8B049300A76F15 /* LiveWeather.swift */; };
		06AFA93C2F8B049400A76F15 /* WeatherService.swift in Sources */ = {isa = PBXBuildFile; fileRef = 06AFA93B2F8B049400A76F15 /* WeatherService.swift */; };
		06AFA9622F8C4DA900A76F15 /* BoatProfile.swift in Sources */ = {isa = PBXBuildFile; fileRef = 06AFA9612F8C4DA900A76F15 /* BoatProfile.swift */; };
		06B4B2952DF50AB6005DC523 /* MarineSimulator.swift in Sources */ = {isa = PBXBuildFile; fileRef = 06B4B2942DF50AB6005DC523 /* MarineSimulator.swift */; };
		06B4B2972DF50AB6005DC523 /* MainView.swift in Sources */ = {isa = PBXBuildFile; fileRef = 06B4B2962DF50AB6005DC523 /* MainView.swift */; };
		06B4B2C32DF50EA2005DC523 /* NMEASimulator.swift in Sources */ = {isa = PBXBuildFile; fileRef = 06B4B2C22DF50EA2005DC523 /* NMEASimulator.swift */; };
		06B4B2CA2DF513BB005DC523 /* UDPClient.swift in Sources */ = {isa = PBXBuildFile; fileRef = 06B4B2C92DF51286005DC523 /* UDPClient.swift */; };
		06B4B2CC2DF52E09005DC523 /* ConfigurationView.swift in Sources */ = {isa = PBXBuildFile; fileRef = 06B4B2CB2DF52E02005DC523 /* ConfigurationView.swift */; };
		06B4B2CE2DF52F8F005DC523 /* WindConfig.swift in Sources */ = {isa = PBXBuildFile; fileRef = 06B4B2CD2DF52F8A005DC523 /* WindConfig.swift */; };
		06B4B2D02DF52FCD005DC523 /* HydroConfig.swift in Sources */ = {isa = PBXBuildFile; fileRef = 06B4B2CF2DF52FC8005DC523 /* HydroConfig.swift */; };
		06B4B2D22DF52FEB005DC523 /* GPSConfig.swift in Sources */ = {isa = PBXBuildFile; fileRef = 06B4B2D12DF52FE8005DC523 /* GPSConfig.swift */; };
		06B4B2D42DFA5391005DC523 /* SimulatedValue.swift in Sources */ = {isa = PBXBuildFile; fileRef = 06B4B2D32DFA538D005DC523 /* SimulatedValue.swift */; };
		06B4B2D62DFA5B21005DC523 /* FormatKit.swift in Sources */ = {isa = PBXBuildFile; fileRef = 06B4B2D52DFA5973005DC523 /* FormatKit.swift */; };
		06B4B2D82DFCE6D6005DC523 /* MathUtilities.swift in Sources */ = {isa = PBXBuildFile; fileRef = 06B4B2D72DFCE6D6005DC523 /* MathUtilities.swift */; };
		06B4B2DA2DFCE735005DC523 /* AppConstants.swift in Sources */ = {isa = PBXBuildFile; fileRef = 06B4B2D92DFCE731005DC523 /* AppConstants.swift */; };
		06B4B2DC2DFCFEBA005DC523 /* GPSData.swift in Sources */ = {isa = PBXBuildFile; fileRef = 06B4B2DB2DFCFEBA005DC523 /* GPSData.swift */; };
		06B4B2E02DFE4C54005DC523 /* DashboardView.swift in Sources */ = {isa = PBXBuildFile; fileRef = 06B4B2DF2DFE4C54005DC523 /* DashboardView.swift */; };
		06D349032E91ED70005F76A4 /* TopControlBar.swift in Sources */ = {isa = PBXBuildFile; fileRef = 06D349022E91ED6C005F76A4 /* TopControlBar.swift */; };
/* End PBXBuildFile section */

/* Begin PBXContainerItemProxy section */
		06B4B2A52DF50AB8005DC523 /* PBXContainerItemProxy */ = {
			isa = PBXContainerItemProxy;
			containerPortal = 06B4B2892DF50AB6005DC523 /* Project object */;
			proxyType = 1;
			remoteGlobalIDString = 06B4B2902DF50AB6005DC523;
			remoteInfo = NMEASimulator;
		};
		06B4B2AF2DF50AB8005DC523 /* PBXContainerItemProxy */ = {
			isa = PBXContainerItemProxy;
			containerPortal = 06B4B2892DF50AB6005DC523 /* Project object */;
			proxyType = 1;
			remoteGlobalIDString = 06B4B2902DF50AB6005DC523;
			remoteInfo = NMEASimulator;
		};
/* End PBXContainerItemProxy section */

/* Begin PBXFileReference section */
		06212DC42E024F9E007A4537 /* VPWHelpView.swift */ = {isa = PBXFileReference; lastKnownFileType = sourcecode.swift; path = VPWHelpView.swift; sourceTree = "<group>"; };
		06212DD12E0B65D2007A4537 /* SentenceToggleStates.swift */ = {isa = PBXFileReference; lastKnownFileType = sourcecode.swift; path = SentenceToggleStates.swift; sourceTree = "<group>"; };
		06212DD32E0B66F8007A4537 /* SensorToggleStates.swift */ = {isa = PBXFileReference; lastKnownFileType = sourcecode.swift; path = SensorToggleStates.swift; sourceTree = "<group>"; };
		06212DD62E0B6B1C007A4537 /* HDGHelpView.swift */ = {isa = PBXFileReference; lastKnownFileType = sourcecode.swift; path = HDGHelpView.swift; sourceTree = "<group>"; };
		06212DD82E0B6B59007A4537 /* HDTHelpView.swift */ = {isa = PBXFileReference; lastKnownFileType = sourcecode.swift; path = HDTHelpView.swift; sourceTree = "<group>"; };
		06212DDA2E0B6B83007A4537 /* ROTHelpView.swift */ = {isa = PBXFileReference; lastKnownFileType = sourcecode.swift; path = ROTHelpView.swift; sourceTree = "<group>"; };
		06212DDE2E0CCE27007A4537 /* ConsolePanelView.swift */ = {isa = PBXFileReference; lastKnownFileType = sourcecode.swift; path = ConsolePanelView.swift; sourceTree = "<group>"; };
		06212DE42E10D9CE007A4537 /* WorkPlaygroundStuff.swift */ = {isa = PBXFileReference; lastKnownFileType = sourcecode.swift; path = WorkPlaygroundStuff.swift; sourceTree = "<group>"; };
		06212DE92E10DE31007A4537 /* DBTHelpView.swift */ = {isa = PBXFileReference; lastKnownFileType = sourcecode.swift; path = DBTHelpView.swift; sourceTree = "<group>"; };
		06212DEB2E10DE87007A4537 /* DPTHelpView.swift */ = {isa = PBXFileReference; lastKnownFileType = sourcecode.swift; path = DPTHelpView.swift; sourceTree = "<group>"; };
		06212DED2E10DF0E007A4537 /* MTWHelpView.swift */ = {isa = PBXFileReference; lastKnownFileType = sourcecode.swift; path = MTWHelpView.swift; sourceTree = "<group>"; };
		06212DEF2E10DF3B007A4537 /* VHWHelpView.swift */ = {isa = PBXFileReference; lastKnownFileType = sourcecode.swift; path = VHWHelpView.swift; sourceTree = "<group>"; };
		06212DF12E10DF4F007A4537 /* VBWHelpView.swift */ = {isa = PBXFileReference; lastKnownFileType = sourcecode.swift; path = VBWHelpView.swift; sourceTree = "<group>"; };
		06212DF32E10DF70007A4537 /* VLWHelpView.swift */ = {isa = PBXFileReference; lastKnownFileType = sourcecode.swift; path = VLWHelpView.swift; sourceTree = "<group>"; };
		06212E912E149C2C007A4537 /* RMCHelpView.swift */ = {isa = PBXFileReference; lastKnownFileType = sourcecode.swift; path = RMCHelpView.swift; sourceTree = "<group>"; };
		06212E932E149CCC007A4537 /* GGAHelpView.swift */ = {isa = PBXFileReference; lastKnownFileType = sourcecode.swift; path = GGAHelpView.swift; sourceTree = "<group>"; };
		06212E952E149D03007A4537 /* VTGHelpView.swift */ = {isa = PBXFileReference; lastKnownFileType = sourcecode.swift; path = VTGHelpView.swift; sourceTree = "<group>"; };
		06212E972E149D3B007A4537 /* GLLHelpView.swift */ = {isa = PBXFileReference; lastKnownFileType = sourcecode.swift; path = GLLHelpView.swift; sourceTree = "<group>"; };
		06212E992E149D6B007A4537 /* GSAHelpView.swift */ = {isa = PBXFileReference; lastKnownFileType = sourcecode.swift; path = GSAHelpView.swift; sourceTree = "<group>"; };
		06212E9B2E149D98007A4537 /* GSVHelpView.swift */ = {isa = PBXFileReference; lastKnownFileType = sourcecode.swift; path = GSVHelpView.swift; sourceTree = "<group>"; };
		06212E9D2E149DCF007A4537 /* ZDAHelpView.swift */ = {isa = PBXFileReference; lastKnownFileType = sourcecode.swift; path = ZDAHelpView.swift; sourceTree = "<group>"; };
		06212E9F2E149F49007A4537 /* GPSMapSelectorView.swift */ = {isa = PBXFileReference; lastKnownFileType = sourcecode.swift; path = GPSMapSelectorView.swift; sourceTree = "<group>"; };
		06212EA12E14A0A4007A4537 /* MapWithRightClick.swift */ = {isa = PBXFileReference; lastKnownFileType = sourcecode.swift; path = MapWithRightClick.swift; sourceTree = "<group>"; };
		063AADE42E9469FA003B2A7A /* TrailingSidePanel.swift */ = {isa = PBXFileReference; lastKnownFileType = sourcecode.swift; path = TrailingSidePanel.swift; sourceTree = "<group>"; };
		063AADE72E946F2A003B2A7A /* LeadingSidePanel.swift */ = {isa = PBXFileReference; lastKnownFileType = sourcecode.swift; path = LeadingSidePanel.swift; sourceTree = "<group>"; };
		063AADF02E947A71003B2A7A /* ControlCategory.swift */ = {isa = PBXFileReference; lastKnownFileType = sourcecode.swift; path = ControlCategory.swift; sourceTree = "<group>"; };
		063AADF52E949A5B003B2A7A /* OpenSeaMapView.swift */ = {isa = PBXFileReference; lastKnownFileType = sourcecode.swift; path = OpenSeaMapView.swift; sourceTree = "<group>"; };
		0648D2242E00F1F6000DC7E3 /* HeadingConfig.swift */ = {isa = PBXFileReference; lastKnownFileType = sourcecode.swift; path = HeadingConfig.swift; sourceTree = "<group>"; };
		0648D2592E010520000DC7E3 /* ViewKit.swift */ = {isa = PBXFileReference; lastKnownFileType = sourcecode.swift; path = ViewKit.swift; sourceTree = "<group>"; };
		0648D25C2E023240000DC7E3 /* NMEASimulator+SentenceBuilder.swift */ = {isa = PBXFileReference; lastKnownFileType = sourcecode.swift; path = "NMEASimulator+SentenceBuilder.swift"; sourceTree = "<group>"; };
		0648D25E2E02339D000DC7E3 /* NMEASimulator+WindCalculations.swift */ = {isa = PBXFileReference; lastKnownFileType = sourcecode.swift; path = "NMEASimulator+WindCalculations.swift"; sourceTree = "<group>"; };
		0648D2602E023437000DC7E3 /* NMEASimulator+FormattedValues.swift */ = {isa = PBXFileReference; lastKnownFileType = sourcecode.swift; path = "NMEASimulator+FormattedValues.swift"; sourceTree = "<group>"; };
		0648D2632E02433E000DC7E3 /* MWVHelpView.swift */ = {isa = PBXFileReference; lastKnownFileType = sourcecode.swift; path = MWVHelpView.swift; sourceTree = "<group>"; };
		0648D2652E024807000DC7E3 /* MWDHelpView.swift */ = {isa = PBXFileReference; lastKnownFileType = sourcecode.swift; path = MWDHelpView.swift; sourceTree = "<group>"; };
		065679A92F8869E20008299A /* CompletedTasks.md */ = {isa = PBXFileReference; lastKnownFileType = net.daringfireball.markdown; path = CompletedTasks.md; sourceTree = "<group>"; };
		065679AA2F8869E20008299A /* CurrentTasks.md */ = {isa = PBXFileReference; lastKnownFileType = net.daringfireball.markdown; path = CurrentTasks.md; sourceTree = "<group>"; };
		065679AB2F8869E20008299A /* FutureTasks.md */ = {isa = PBXFileReference; lastKnownFileType = net.daringfireball.markdown; path = FutureTasks.md; sourceTree = "<group>"; };
		065679AC2F8869E20008299A /* InstructionManual.md */ = {isa = PBXFileReference; lastKnownFileType = net.daringfireball.markdown; path = InstructionManual.md; sourceTree = "<group>"; };
		065679AD2F8869E20008299A /* ManualTestChecklist.md */ = {isa = PBXFileReference; lastKnownFileType = net.daringfireball.markdown; path = ManualTestChecklist.md; sourceTree = "<group>"; };
		065679AE2F8869E20008299A /* ProjectOverview.md */ = {isa = PBXFileReference; lastKnownFileType = net.daringfireball.markdown; path = ProjectOverview.md; sourceTree = "<group>"; };
		06567A122F887CF40008299A /* agent_os.db */ = {isa = PBXFileReference; lastKnownFileType = file; path = agent_os.db; sourceTree = "<group>"; };
		06567A142F887CF40008299A /* context-pack.json */ = {isa = PBXFileReference; lastKnownFileType = text.json; path = "context-pack.json"; sourceTree = "<group>"; };
		06567A152F887CF40008299A /* context-pack.md */ = {isa = PBXFileReference; lastKnownFileType = net.daringfireball.markdown; path = "context-pack.md"; sourceTree = "<group>"; };
		06567A192F887CF40008299A /* last-scan.json */ = {isa = PBXFileReference; lastKnownFileType = text.json; path = "last-scan.json"; sourceTree = "<group>"; };
		06567A1F2F887CF40008299A /* cache.md */ = {isa = PBXFileReference; lastKnownFileType = net.daringfireball.markdown; path = cache.md; sourceTree = "<group>"; };
		06567A202F887CF40008299A /* current-handoff.md */ = {isa = PBXFileReference; lastKnownFileType = net.daringfireball.markdown; path = "current-handoff.md"; sourceTree = "<group>"; };
		06567A232F887CF40008299A /* config.json */ = {isa = PBXFileReference; lastKnownFileType = text.json; path = config.json; sourceTree = "<group>"; };
		066372F82DFF83E000B7348E /* BoatMapPreview.swift */ = {isa = PBXFileReference; lastKnownFileType = sourcecode.swift; path = BoatMapPreview.swift; sourceTree = "<group>"; };
		066372FA2DFF8E9200B7348E /* ConsoleView.swift */ = {isa = PBXFileReference; lastKnownFileType = sourcecode.swift; path = ConsoleView.swift; sourceTree = "<group>"; };
		0682C7612DFE63B200AD0C0B /* AnemometerView.swift */ = {isa = PBXFileReference; lastKnownFileType = sourcecode.swift; path = AnemometerView.swift; sourceTree = "<group>"; };
		0682C7632DFE640A00AD0C0B /* Shapes.swift */ = {isa = PBXFileReference; lastKnownFileType = sourcecode.swift; path = Shapes.swift; sourceTree = "<group>"; };
		0682C7672DFE653B00AD0C0B /* WindCompass.swift */ = {isa = PBXFileReference; lastKnownFileType = sourcecode.swift; path = WindCompass.swift; sourceTree = "<group>"; };
		0682C76A2DFE66D100AD0C0B /* CompassLabelView.swift */ = {isa = PBXFileReference; lastKnownFileType = sourcecode.swift; path = CompassLabelView.swift; sourceTree = "<group>"; };
		0682C76B2DFE66D100AD0C0B /* GaugeMarkerCompass.swift */ = {isa = PBXFileReference; lastKnownFileType = sourcecode.swift; path = GaugeMarkerCompass.swift; sourceTree = "<group>"; };
		0682C76C2DFE66D100AD0C0B /* CompassView.swift */ = {isa = PBXFileReference; lastKnownFileType = sourcecode.swift; path = CompassView.swift; sourceTree = "<group>"; };
		06883DE52F78B5AE005DE47D /* OutputEndpoint.swift */ = {isa = PBXFileReference; lastKnownFileType = sourcecode.swift; path = OutputEndpoint.swift; sourceTree = "<group>"; };
		06883DE72F78B5AE005DE47D /* SimulationSnapshot.swift */ = {isa = PBXFileReference; lastKnownFileType = sourcecode.swift; path = SimulationSnapshot.swift; sourceTree = "<group>"; };
		06883DE92F78B925005DE47D /* SimulatorSettings.swift */ = {isa = PBXFileReference; lastKnownFileType = sourcecode.swift; path = SimulatorSettings.swift; sourceTree = "<group>"; };
		06883DEB2F78BC26005DE47D /* TCPClient.swift */ = {isa = PBXFileReference; lastKnownFileType = sourcecode.swift; path = TCPClient.swift; sourceTree = "<group>"; };
		06883DED2F78C6CD005DE47D /* ManualView.swift */ = {isa = PBXFileReference; lastKnownFileType = sourcecode.swift; path = ManualView.swift; sourceTree = "<group>"; };
		06AFA9392F8B049300A76F15 /* LiveWeather.swift */ = {isa = PBXFileReference; lastKnownFileType = sourcecode.swift; path = LiveWeather.swift; sourceTree = "<group>"; };
		06AFA93B2F8B049400A76F15 /* WeatherService.swift */ = {isa = PBXFileReference; lastKnownFileType = sourcecode.swift; path = WeatherService.swift; sourceTree = "<group>"; };
		06AFA9612F8C4DA900A76F15 /* BoatProfile.swift */ = {isa = PBXFileReference; lastKnownFileType = sourcecode.swift; path = BoatProfile.swift; sourceTree = "<group>"; };
		06B4B2912DF50AB6005DC523 /* MarineSimulator.app */ = {isa = PBXFileReference; explicitFileType = wrapper.application; includeInIndex = 0; path = MarineSimulator.app; sourceTree = BUILT_PRODUCTS_DIR; };
		06B4B2942DF50AB6005DC523 /* MarineSimulator.swift */ = {isa = PBXFileReference; lastKnownFileType = sourcecode.swift; path = MarineSimulator.swift; sourceTree = "<group>"; };
		06B4B2962DF50AB6005DC523 /* MainView.swift */ = {isa = PBXFileReference; lastKnownFileType = sourcecode.swift; path = MainView.swift; sourceTree = "<group>"; };
		06B4B2A42DF50AB8005DC523 /* MarineSimulatorTests.xctest */ = {isa = PBXFileReference; explicitFileType = wrapper.cfbundle; includeInIndex = 0; path = MarineSimulatorTests.xctest; sourceTree = BUILT_PRODUCTS_DIR; };
		06B4B2AE2DF50AB8005DC523 /* MarineSimulatorUITests.xctest */ = {isa = PBXFileReference; explicitFileType = wrapper.cfbundle; includeInIndex = 0; path = MarineSimulatorUITests.xctest; sourceTree = BUILT_PRODUCTS_DIR; };
		06B4B2C22DF50EA2005DC523 /* NMEASimulator.swift */ = {isa = PBXFileReference; lastKnownFileType = sourcecode.swift; path = NMEASimulator.swift; sourceTree = "<group>"; };
		06B4B2C92DF51286005DC523 /* UDPClient.swift */ = {isa = PBXFileReference; lastKnownFileType = sourcecode.swift; path = UDPClient.swift; sourceTree = "<group>"; };
		06B4B2CB2DF52E02005DC523 /* ConfigurationView.swift */ = {isa = PBXFileReference; lastKnownFileType = sourcecode.swift; path = ConfigurationView.swift; sourceTree = "<group>"; };
		06B4B2CD2DF52F8A005DC523 /* WindConfig.swift */ = {isa = PBXFileReference; lastKnownFileType = sourcecode.swift; path = WindConfig.swift; sourceTree = "<group>"; };
		06B4B2CF2DF52FC8005DC523 /* HydroConfig.swift */ = {isa = PBXFileReference; lastKnownFileType = sourcecode.swift; path = HydroConfig.swift; sourceTree = "<group>"; };
		06B4B2D12DF52FE8005DC523 /* GPSConfig.swift */ = {isa = PBXFileReference; lastKnownFileType = sourcecode.swift; path = GPSConfig.swift; sourceTree = "<group>"; };
		06B4B2D32DFA538D005DC523 /* SimulatedValue.swift */ = {isa = PBXFileReference; lastKnownFileType = sourcecode.swift; path = SimulatedValue.swift; sourceTree = "<group>"; };
		06B4B2D52DFA5973005DC523 /* FormatKit.swift */ = {isa = PBXFileReference; lastKnownFileType = sourcecode.swift; path = FormatKit.swift; sourceTree = "<group>"; };
		06B4B2D72DFCE6D6005DC523 /* MathUtilities.swift */ = {isa = PBXFileReference; lastKnownFileType = sourcecode.swift; path = MathUtilities.swift; sourceTree = "<group>"; };
		06B4B2D92DFCE731005DC523 /* AppConstants.swift */ = {isa = PBXFileReference; lastKnownFileType = sourcecode.swift; path = AppConstants.swift; sourceTree = "<group>"; };
		06B4B2DB2DFCFEBA005DC523 /* GPSData.swift */ = {isa = PBXFileReference; lastKnownFileType = sourcecode.swift; path = GPSData.swift; sourceTree = "<group>"; };
		06B4B2DF2DFE4C54005DC523 /* DashboardView.swift */ = {isa = PBXFileReference; lastKnownFileType = sourcecode.swift; path = DashboardView.swift; sourceTree = "<group>"; };
		06D349022E91ED6C005F76A4 /* TopControlBar.swift */ = {isa = PBXFileReference; lastKnownFileType = sourcecode.swift; path = TopControlBar.swift; sourceTree = "<group>"; };
		06E0A0112F88B0E10008299A /* README.md */ = {isa = PBXFileReference; lastKnownFileType = net.daringfireball.markdown; path = README.md; sourceTree = "<group>"; };
		06E0A0122F88B0E10008299A /* begin-chat.md */ = {isa = PBXFileReference; lastKnownFileType = net.daringfireball.markdown; path = "begin-chat.md"; sourceTree = "<group>"; };
		06E0A0132F88B0E10008299A /* cache.md */ = {isa = PBXFileReference; lastKnownFileType = net.daringfireball.markdown; path = cache.md; sourceTree = "<group>"; };
		06E0A0142F88B0E10008299A /* end-chat.md */ = {isa = PBXFileReference; lastKnownFileType = net.daringfireball.markdown; path = "end-chat.md"; sourceTree = "<group>"; };
		06E0A0152F88B0E10008299A /* open-questions.md */ = {isa = PBXFileReference; lastKnownFileType = net.daringfireball.markdown; path = "open-questions.md"; sourceTree = "<group>"; };
		06E0A0162F88B0E10008299A /* project-memory.md */ = {isa = PBXFileReference; lastKnownFileType = net.daringfireball.markdown; path = "project-memory.md"; sourceTree = "<group>"; };
		33962C04C5CB6F13174882D6 /* AGENTS.md */ = {isa = PBXFileReference; lastKnownFileType = net.daringfireball.markdown; path = AGENTS.md; sourceTree = "<group>"; };
		B04B0DD949D2B477290B74C1 /* AGENT_OS.md */ = {isa = PBXFileReference; lastKnownFileType = net.daringfireball.markdown; path = AGENT_OS.md; sourceTree = "<group>"; };
/* End PBXFileReference section */

/* Begin PBXFileSystemSynchronizedRootGroup section */
		06B4B2932DF50AB6005DC523 /* NMEASimulator */ = {
			isa = PBXFileSystemSynchronizedRootGroup;
			path = NMEASimulator;
			sourceTree = "<group>";
		};
		06B4B2A72DF50AB8005DC523 /* MarineSimulatorTests */ = {
			isa = PBXFileSystemSynchronizedRootGroup;
			path = MarineSimulatorTests;
			sourceTree = "<group>";
		};
		06B4B2B12DF50AB8005DC523 /* MarineSimulatorUITests */ = {
			isa = PBXFileSystemSynchronizedRootGroup;
			path = MarineSimulatorUITests;
			sourceTree = "<group>";
		};
/* End PBXFileSystemSynchronizedRootGroup section */

/* Begin PBXFrameworksBuildPhase section */
		06B4B28E2DF50AB6005DC523 /* Frameworks */ = {
			isa = PBXFrameworksBuildPhase;
			buildActionMask = 2147483647;
			files = (
			);
			runOnlyForDeploymentPostprocessing = 0;
		};
		06B4B2A12DF50AB8005DC523 /* Frameworks */ = {
			isa = PBXFrameworksBuildPhase;
			buildActionMask = 2147483647;
			files = (
			);
			runOnlyForDeploymentPostprocessing = 0;
		};
		06B4B2AB2DF50AB8005DC523 /* Frameworks */ = {
			isa = PBXFrameworksBuildPhase;
			buildActionMask = 2147483647;
			files = (
			);
			runOnlyForDeploymentPostprocessing = 0;
		};
/* End PBXFrameworksBuildPhase section */

/* Begin PBXGroup section */
		06212DC32E024F79007A4537 /* Wind */ = {
			isa = PBXGroup;
			children = (
				06212DC42E024F9E007A4537 /* VPWHelpView.swift */,
				0648D2652E024807000DC7E3 /* MWDHelpView.swift */,
				0648D2632E02433E000DC7E3 /* MWVHelpView.swift */,
			);
			path = Wind;
			sourceTree = "<group>";
		};
		06212DD52E0B6B14007A4537 /* Heading */ = {
			isa = PBXGroup;
			children = (
				06212DDA2E0B6B83007A4537 /* ROTHelpView.swift */,
				06212DD82E0B6B59007A4537 /* HDTHelpView.swift */,
				06212DD62E0B6B1C007A4537 /* HDGHelpView.swift */,
			);
			path = Heading;
			sourceTree = "<group>";
		};
		06212DE62E10DBCE007A4537 /* Hydro */ = {
			isa = PBXGroup;
			children = (
				06212DEB2E10DE87007A4537 /* DPTHelpView.swift */,
				06212DE92E10DE31007A4537 /* DBTHelpView.swift */,
				06212DED2E10DF0E007A4537 /* MTWHelpView.swift */,
				06212DEF2E10DF3B007A4537 /* VHWHelpView.swift */,
				06212DF12E10DF4F007A4537 /* VBWHelpView.swift */,
				06212DF32E10DF70007A4537 /* VLWHelpView.swift */,
			);
			path = Hydro;
			sourceTree = "<group>";
		};
		06212E902E149B21007A4537 /* GPS */ = {
			isa = PBXGroup;
			children = (
				06212E912E149C2C007A4537 /* RMCHelpView.swift */,
				06212E932E149CCC007A4537 /* GGAHelpView.swift */,
				06212E952E149D03007A4537 /* VTGHelpView.swift */,
				06212E972E149D3B007A4537 /* GLLHelpView.swift */,
				06212E992E149D6B007A4537 /* GSAHelpView.swift */,
				06212E9B2E149D98007A4537 /* GSVHelpView.swift */,
				06212E9D2E149DCF007A4537 /* ZDAHelpView.swift */,
			);
			path = GPS;
			sourceTree = "<group>";
		};
		063AADF42E949A24003B2A7A /* NauticalChars */ = {
			isa = PBXGroup;
			children = (
				063AADF52E949A5B003B2A7A /* OpenSeaMapView.swift */,
			);
			path = NauticalChars;
			sourceTree = "<group>";
		};
		0648D2232E00F172000DC7E3 /* Dashboard */ = {
			isa = PBXGroup;
			children = (
				06B4B2DF2DFE4C54005DC523 /* DashboardView.swift */,
				066372F82DFF83E000B7348E /* BoatMapPreview.swift */,
				06D349022E91ED6C005F76A4 /* TopControlBar.swift */,
				063AADE72E946F2A003B2A7A /* LeadingSidePanel.swift */,
				063AADE42E9469FA003B2A7A /* TrailingSidePanel.swift */,
				063AADF02E947A71003B2A7A /* ControlCategory.swift */,
				0682C7672DFE653B00AD0C0B /* WindCompass.swift */,
			);
			path = Dashboard;
			sourceTree = "<group>";
		};
		0648D25B2E023237000DC7E3 /* NMEA */ = {
			isa = PBXGroup;
			children = (
				06B4B2C22DF50EA2005DC523 /* NMEASimulator.swift */,
				0648D25C2E023240000DC7E3 /* NMEASimulator+SentenceBuilder.swift */,
				0648D25E2E02339D000DC7E3 /* NMEASimulator+WindCalculations.swift */,
				0648D2602E023437000DC7E3 /* NMEASimulator+FormattedValues.swift */,
			);
			path = NMEA;
			sourceTree = "<group>";
		};
		0648D2622E024337000DC7E3 /* HelpViews */ = {
			isa = PBXGroup;
			children = (
				06212DC32E024F79007A4537 /* Wind */,
				06212DE62E10DBCE007A4537 /* Hydro */,
				06212DD52E0B6B14007A4537 /* Heading */,
				06212E902E149B21007A4537 /* GPS */,
				06883DED2F78C6CD005DE47D /* ManualView.swift */,
			);
			path = HelpViews;
			sourceTree = "<group>";
		};
		065679AF2F8869E20008299A /* Docs */ = {
			isa = PBXGroup;
			children = (
				065679A92F8869E20008299A /* CompletedTasks.md */,
				065679AA2F8869E20008299A /* CurrentTasks.md */,
				065679AB2F8869E20008299A /* FutureTasks.md */,
				065679AC2F8869E20008299A /* InstructionManual.md */,
				065679AD2F8869E20008299A /* ManualTestChecklist.md */,
				065679AE2F8869E20008299A /* ProjectOverview.md */,
			);
			path = Docs;
			sourceTree = "<group>";
		};
		06567A132F887CF40008299A /* data */ = {
			isa = PBXGroup;
			children = (
				06567A122F887CF40008299A /* agent_os.db */,
			);
			path = data;
			sourceTree = "<group>";
		};
		06567A162F887CF40008299A /* exports */ = {
			isa = PBXGroup;
			children = (
				06567A142F887CF40008299A /* context-pack.json */,
				06567A152F887CF40008299A /* context-pack.md */,
			);
			path = exports;
			sourceTree = "<group>";
		};
		06567A1A2F887CF40008299A /* logs */ = {
			isa = PBXGroup;
			children = (
				06567A192F887CF40008299A /* last-scan.json */,
			);
			path = logs;
			sourceTree = "<group>";
		};
		06567A212F887CF40008299A /* state */ = {
			isa = PBXGroup;
			children = (
				06567A1F2F887CF40008299A /* cache.md */,
				06567A202F887CF40008299A /* current-handoff.md */,
			);
			path = state;
			sourceTree = "<group>";
		};
		06567A242F887CF40008299A /* .agent-os */ = {
			isa = PBXGroup;
			children = (
				06E0A0102F88B0E10008299A /* context */,
				06567A132F887CF40008299A /* data */,
				06567A162F887CF40008299A /* exports */,
				06567A1A2F887CF40008299A /* logs */,
				06567A212F887CF40008299A /* state */,
				06567A232F887CF40008299A /* config.json */,
			);
			path = ".agent-os";
			sourceTree = "<group>";
		};
		066372F72DFF83DA00B7348E /* GPS */ = {
			isa = PBXGroup;
			children = (
				06B4B2D12DF52FE8005DC523 /* GPSConfig.swift */,
				06212E9F2E149F49007A4537 /* GPSMapSelectorView.swift */,
				06212EA12E14A0A4007A4537 /* MapWithRightClick.swift */,
			);
			path = GPS;
			sourceTree = "<group>";
		};
		0682C7692DFE655900AD0C0B /* WindCompassView */ = {
			isa = PBXGroup;
			children = (
				0682C7612DFE63B200AD0C0B /* AnemometerView.swift */,
				0682C76D2DFE66D100AD0C0B /* CompassView */,
			);
			path = WindCompassView;
			sourceTree = "<group>";
		};
		0682C76D2DFE66D100AD0C0B /* CompassView */ = {
			isa = PBXGroup;
			children = (
				0682C76C2DFE66D100AD0C0B /* CompassView.swift */,
				0682C76A2DFE66D100AD0C0B /* CompassLabelView.swift */,
				0682C76B2DFE66D100AD0C0B /* GaugeMarkerCompass.swift */,
			);
			path = CompassView;
			sourceTree = "<group>";
		};
		06B4B2882DF50AB6005DC523 = {
			isa = PBXGroup;
			children = (
				B04B0DD949D2B477290B74C1 /* AGENT_OS.md */,
				33962C04C5CB6F13174882D6 /* AGENTS.md */,
				06567A242F887CF40008299A /* .agent-os */,
				06B4B2C62DF50F81005DC523 /* App */,
				06B4B2C72DF50FA7005DC523 /* Networking */,
				06B4B2C42DF50F3C005DC523 /* Model */,
				0648D25B2E023237000DC7E3 /* NMEA */,
				06B4B2C52DF50F52005DC523 /* Views */,
				06B4B2C82DF50FC5005DC523 /* Utilities */,
				06B4B2932DF50AB6005DC523 /* NMEASimulator */,
				06B4B2A72DF50AB8005DC523 /* MarineSimulatorTests */,
				06B4B2B12DF50AB8005DC523 /* MarineSimulatorUITests */,
				06B4B2922DF50AB6005DC523 /* Products */,
				065679AF2F8869E20008299A /* Docs */,
			);
			sourceTree = "<group>";
		};
		06B4B2922DF50AB6005DC523 /* Products */ = {
			isa = PBXGroup;
			children = (
				06B4B2912DF50AB6005DC523 /* MarineSimulator.app */,
				06B4B2A42DF50AB8005DC523 /* MarineSimulatorTests.xctest */,
				06B4B2AE2DF50AB8005DC523 /* MarineSimulatorUITests.xctest */,
			);
			name = Products;
			sourceTree = "<group>";
		};
		06B4B2C42DF50F3C005DC523 /* Model */ = {
			isa = PBXGroup;
			children = (
				06B4B2DB2DFCFEBA005DC523 /* GPSData.swift */,
				06B4B2D32DFA538D005DC523 /* SimulatedValue.swift */,
				06212DD12E0B65D2007A4537 /* SentenceToggleStates.swift */,
				06212DD32E0B66F8007A4537 /* SensorToggleStates.swift */,
				06883DE52F78B5AE005DE47D /* OutputEndpoint.swift */,
				06883DE72F78B5AE005DE47D /* SimulationSnapshot.swift */,
				06883DE92F78B925005DE47D /* SimulatorSettings.swift */,
				06AFA9392F8B049300A76F15 /* LiveWeather.swift */,
				06AFA9612F8C4DA900A76F15 /* BoatProfile.swift */,
			);
			path = Model;
			sourceTree = "<group>";
		};
		06B4B2C52DF50F52005DC523 /* Views */ = {
			isa = PBXGroup;
			children = (
				063AADF42E949A24003B2A7A /* NauticalChars */,
				06B4B2962DF50AB6005DC523 /* MainView.swift */,
				06B4B2CB2DF52E02005DC523 /* ConfigurationView.swift */,
				06B4B2CD2DF52F8A005DC523 /* WindConfig.swift */,
				0648D2242E00F1F6000DC7E3 /* HeadingConfig.swift */,
				06B4B2CF2DF52FC8005DC523 /* HydroConfig.swift */,
				066372F72DFF83DA00B7348E /* GPS */,
				06212DDE2E0CCE27007A4537 /* ConsolePanelView.swift */,
				066372FA2DFF8E9200B7348E /* ConsoleView.swift */,
				0648D2622E024337000DC7E3 /* HelpViews */,
				0648D2232E00F172000DC7E3 /* Dashboard */,
				0682C7692DFE655900AD0C0B /* WindCompassView */,
			);
			path = Views;
			sourceTree = "<group>";
		};
		06B4B2C62DF50F81005DC523 /* App */ = {
			isa = PBXGroup;
			children = (
				06B4B2942DF50AB6005DC523 /* MarineSimulator.swift */,
			);
			path = App;
			sourceTree = "<group>";
		};
		06B4B2C72DF50FA7005DC523 /* Networking */ = {
			isa = PBXGroup;
			children = (
				06B4B2C92DF51286005DC523 /* UDPClient.swift */,
				06883DEB2F78BC26005DE47D /* TCPClient.swift */,
				06AFA93B2F8B049400A76F15 /* WeatherService.swift */,
			);
			path = Networking;
			sourceTree = "<group>";
		};
		06B4B2C82DF50FC5005DC523 /* Utilities */ = {
			isa = PBXGroup;
			children = (
				0682C7632DFE640A00AD0C0B /* Shapes.swift */,
				06B4B2D92DFCE731005DC523 /* AppConstants.swift */,
				06B4B2D72DFCE6D6005DC523 /* MathUtilities.swift */,
				06B4B2D52DFA5973005DC523 /* FormatKit.swift */,
				0648D2592E010520000DC7E3 /* ViewKit.swift */,
				06212DE42E10D9CE007A4537 /* WorkPlaygroundStuff.swift */,
			);
			path = Utilities;
			sourceTree = "<group>";
		};
		06E0A0102F88B0E10008299A /* context */ = {
			isa = PBXGroup;
			children = (
				06E0A0112F88B0E10008299A /* README.md */,
				06E0A0122F88B0E10008299A /* begin-chat.md */,
				06E0A0132F88B0E10008299A /* cache.md */,
				06E0A0142F88B0E10008299A /* end-chat.md */,
				06E0A0152F88B0E10008299A /* open-questions.md */,
				06E0A0162F88B0E10008299A /* project-memory.md */,
			);
			path = context;
			sourceTree = "<group>";
		};
/* End PBXGroup section */

/* Begin PBXNativeTarget section */
		06B4B2902DF50AB6005DC523 /* MarineSimulator */ = {
			isa = PBXNativeTarget;
			buildConfigurationList = 06B4B2B82DF50AB8005DC523 /* Build configuration list for PBXNativeTarget "MarineSimulator" */;
			buildPhases = (
				06B4B28D2DF50AB6005DC523 /* Sources */,
				06B4B28E2DF50AB6005DC523 /* Frameworks */,
				06B4B28F2DF50AB6005DC523 /* Resources */,
			);
			buildRules = (
			);
			dependencies = (
			);
			fileSystemSynchronizedGroups = (
				06B4B2932DF50AB6005DC523 /* NMEASimulator */,
			);
			name = MarineSimulator;
			packageProductDependencies = (
			);
			productName = NMEASimulator;
			productReference = 06B4B2912DF50AB6005DC523 /* MarineSimulator.app */;
			productType = "com.apple.product-type.application";
		};
		06B4B2A32DF50AB8005DC523 /* MarineSimulatorTests */ = {
			isa = PBXNativeTarget;
			buildConfigurationList = 06B4B2BB2DF50AB8005DC523 /* Build configuration list for PBXNativeTarget "MarineSimulatorTests" */;
			buildPhases = (
				06B4B2A02DF50AB8005DC523 /* Sources */,
				06B4B2A12DF50AB8005DC523 /* Frameworks */,
				06B4B2A22DF50AB8005DC523 /* Resources */,
			);
			buildRules = (
			);
			dependencies = (
				06B4B2A62DF50AB8005DC523 /* PBXTargetDependency */,
			);
			fileSystemSynchronizedGroups = (
				06B4B2A72DF50AB8005DC523 /* MarineSimulatorTests */,
			);
			name = MarineSimulatorTests;
			packageProductDependencies = (
			);
			productName = NMEASimulatorTests;
			productReference = 06B4B2A42DF50AB8005DC523 /* MarineSimulatorTests.xctest */;
			productType = "com.apple.product-type.bundle.unit-test";
		};
		06B4B2AD2DF50AB8005DC523 /* MarineSimulatorUITests */ = {
			isa = PBXNativeTarget;
			buildConfigurationList = 06B4B2BE2DF50AB8005DC523 /* Build configuration list for PBXNativeTarget "MarineSimulatorUITests" */;
			buildPhases = (
				06B4B2AA2DF50AB8005DC523 /* Sources */,
				06B4B2AB2DF50AB8005DC523 /* Frameworks */,
				06B4B2AC2DF50AB8005DC523 /* Resources */,
			);
			buildRules = (
			);
			dependencies = (
				06B4B2B02DF50AB8005DC523 /* PBXTargetDependency */,
			);
			fileSystemSynchronizedGroups = (
				06B4B2B12DF50AB8005DC523 /* MarineSimulatorUITests */,
			);
			name = MarineSimulatorUITests;
			packageProductDependencies = (
			);
			productName = NMEASimulatorUITests;
			productReference = 06B4B2AE2DF50AB8005DC523 /* MarineSimulatorUITests.xctest */;
			productType = "com.apple.product-type.bundle.ui-testing";
		};
/* End PBXNativeTarget section */

/* Begin PBXProject section */
		06B4B2892DF50AB6005DC523 /* Project object */ = {
			isa = PBXProject;
			attributes = {
				BuildIndependentTargetsInParallel = 1;
				LastSwiftUpdateCheck = 1600;
				LastUpgradeCheck = 2600;
				TargetAttributes = {
					06B4B2902DF50AB6005DC523 = {
						CreatedOnToolsVersion = 16.0;
					};
					06B4B2A32DF50AB8005DC523 = {
						CreatedOnToolsVersion = 16.0;
						TestTargetID = 06B4B2902DF50AB6005DC523;
					};
					06B4B2AD2DF50AB8005DC523 = {
						CreatedOnToolsVersion = 16.0;
						TestTargetID = 06B4B2902DF50AB6005DC523;
					};
				};
			};
			buildConfigurationList = 06B4B28C2DF50AB6005DC523 /* Build configuration list for PBXProject "MarineSimulator" */;
			developmentRegion = en;
			hasScannedForEncodings = 0;
			knownRegions = (
				en,
				Base,
			);
			mainGroup = 06B4B2882DF50AB6005DC523;
			minimizedProjectReferenceProxies = 1;
			preferredProjectObjectVersion = 77;
			productRefGroup = 06B4B2922DF50AB6005DC523 /* Products */;
			projectDirPath = "";
			projectRoot = "";
			targets = (
				06B4B2902DF50AB6005DC523 /* MarineSimulator */,
				06B4B2A32DF50AB8005DC523 /* MarineSimulatorTests */,
				06B4B2AD2DF50AB8005DC523 /* MarineSimulatorUITests */,
			);
		};
/* End PBXProject section */

/* Begin PBXResourcesBuildPhase section */
		06B4B28F2DF50AB6005DC523 /* Resources */ = {
			isa = PBXResourcesBuildPhase;
			buildActionMask = 2147483647;
			files = (
				065679BC2F8869E20008299A /* InstructionManual.md in Resources */,
				065679BD2F8869E20008299A /* CurrentTasks.md in Resources */,
				065679BE2F8869E20008299A /* ProjectOverview.md in Resources */,
				065679BF2F8869E20008299A /* CompletedTasks.md in Resources */,
				065679C02F8869E20008299A /* FutureTasks.md in Resources */,
				065679C12F8869E20008299A /* ManualTestChecklist.md in Resources */,
			);
			runOnlyForDeploymentPostprocessing = 0;
		};
		06B4B2A22DF50AB8005DC523 /* Resources */ = {
			isa = PBXResourcesBuildPhase;
			buildActionMask = 2147483647;
			files = (
				065679B02F8869E20008299A /* InstructionManual.md in Resources */,
				065679B12F8869E20008299A /* CurrentTasks.md in Resources */,
				065679B22F8869E20008299A /* ProjectOverview.md in Resources */,
				065679B32F8869E20008299A /* CompletedTasks.md in Resources */,
				065679B42F8869E20008299A /* FutureTasks.md in Resources */,
				065679B52F8869E20008299A /* ManualTestChecklist.md in Resources */,
			);
			runOnlyForDeploymentPostprocessing = 0;
		};
		06B4B2AC2DF50AB8005DC523 /* Resources */ = {
			isa = PBXResourcesBuildPhase;
			buildActionMask = 2147483647;
			files = (
				065679B62F8869E20008299A /* InstructionManual.md in Resources */,
				065679B72F8869E20008299A /* CurrentTasks.md in Resources */,
				065679B82F8869E20008299A /* ProjectOverview.md in Resources */,
				065679B92F8869E20008299A /* CompletedTasks.md in Resources */,
				065679BA2F8869E20008299A /* FutureTasks.md in Resources */,
				065679BB2F8869E20008299A /* ManualTestChecklist.md in Resources */,
			);
			runOnlyForDeploymentPostprocessing = 0;
		};
/* End PBXResourcesBuildPhase section */

/* Begin PBXSourcesBuildPhase section */
		06B4B28D2DF50AB6005DC523 /* Sources */ = {
			isa = PBXSourcesBuildPhase;
			buildActionMask = 2147483647;
			files = (
				06212DEE2E10DF0E007A4537 /* MTWHelpView.swift in Sources */,
				06883DEA2F78B925005DE47D /* SimulatorSettings.swift in Sources */,
				06B4B2CE2DF52F8F005DC523 /* WindConfig.swift in Sources */,
				06B4B2CA2DF513BB005DC523 /* UDPClient.swift in Sources */,
				0648D2642E02433E000DC7E3 /* MWVHelpView.swift in Sources */,
				06212DD42E0B66FD007A4537 /* SensorToggleStates.swift in Sources */,
				06B4B2CC2DF52E09005DC523 /* ConfigurationView.swift in Sources */,
				06B4B2D02DF52FCD005DC523 /* HydroConfig.swift in Sources */,
				06212DD92E0B6B59007A4537 /* HDTHelpView.swift in Sources */,
				06212EA22E14A0A4007A4537 /* MapWithRightClick.swift in Sources */,
				06212E942E149CCC007A4537 /* GGAHelpView.swift in Sources */,
				06212DDF2E0CCE27007A4537 /* ConsolePanelView.swift in Sources */,
				06212DEC2E10DE87007A4537 /* DPTHelpView.swift in Sources */,
				0648D25F2E0233A0000DC7E3 /* NMEASimulator+WindCalculations.swift in Sources */,
				0648D25A2E010520000DC7E3 /* ViewKit.swift in Sources */,
				06B4B2972DF50AB6005DC523 /* MainView.swift in Sources */,
				06212DF42E10DF70007A4537 /* VLWHelpView.swift in Sources */,
				0648D2612E023441000DC7E3 /* NMEASimulator+FormattedValues.swift in Sources */,
				06212DC52E024F9E007A4537 /* VPWHelpView.swift in Sources */,
				06212E922E149C2C007A4537 /* RMCHelpView.swift in Sources */,
				06212DDB2E0B6B83007A4537 /* ROTHelpView.swift in Sources */,
				0682C7642DFE640A00AD0C0B /* Shapes.swift in Sources */,
				06B4B2D62DFA5B21005DC523 /* FormatKit.swift in Sources */,
				06212EA02E149F49007A4537 /* GPSMapSelectorView.swift in Sources */,
				06B4B2E02DFE4C54005DC523 /* DashboardView.swift in Sources */,
				06212E9A2E149D6B007A4537 /* GSAHelpView.swift in Sources */,
				0648D2252E00F1FA000DC7E3 /* HeadingConfig.swift in Sources */,
				0682C7622DFE63B200AD0C0B /* AnemometerView.swift in Sources */,
				06212E9E2E149DCF007A4537 /* ZDAHelpView.swift in Sources */,
				06212E962E149D03007A4537 /* VTGHelpView.swift in Sources */,
				066372FB2DFF8E9200B7348E /* ConsoleView.swift in Sources */,
				06B4B2DA2DFCE735005DC523 /* AppConstants.swift in Sources */,
				0682C76E2DFE66D100AD0C0B /* CompassLabelView.swift in Sources */,
				0682C76F2DFE66D100AD0C0B /* GaugeMarkerCompass.swift in Sources */,
				06883DEE2F78C6CD005DE47D /* ManualView.swift in Sources */,
				0682C7702DFE66D100AD0C0B /* CompassView.swift in Sources */,
				063AADE52E9469FA003B2A7A /* TrailingSidePanel.swift in Sources */,
				0682C7682DFE653B00AD0C0B /* WindCompass.swift in Sources */,
				06B4B2D22DF52FEB005DC523 /* GPSConfig.swift in Sources */,
				06212DF22E10DF4F007A4537 /* VBWHelpView.swift in Sources */,
				0648D2662E024807000DC7E3 /* MWDHelpView.swift in Sources */,
				06883DE62F78B5AE005DE47D /* OutputEndpoint.swift in Sources */,
				063AADF12E947A76003B2A7A /* ControlCategory.swift in Sources */,
				06B4B2D42DFA5391005DC523 /* SimulatedValue.swift in Sources */,
				06AFA93C2F8B049400A76F15 /* WeatherService.swift in Sources */,
				06D349032E91ED70005F76A4 /* TopControlBar.swift in Sources */,
				06AFA9622F8C4DA900A76F15 /* BoatProfile.swift in Sources */,
				06B4B2952DF50AB6005DC523 /* MarineSimulator.swift in Sources */,
				06883DE82F78B5AE005DE47D /* SimulationSnapshot.swift in Sources */,
				06212DF02E10DF3B007A4537 /* VHWHelpView.swift in Sources */,
				06212DE52E10D9DD007A4537 /* WorkPlaygroundStuff.swift in Sources */,
				06B4B2D82DFCE6D6005DC523 /* MathUtilities.swift in Sources */,
				063AADE82E946F2A003B2A7A /* LeadingSidePanel.swift in Sources */,
				06B4B2DC2DFCFEBA005DC523 /* GPSData.swift in Sources */,
				06212E9C2E149D98007A4537 /* GSVHelpView.swift in Sources */,
				06212DD22E0B65D2007A4537 /* SentenceToggleStates.swift in Sources */,
				066372F92DFF83E000B7348E /* BoatMapPreview.swift in Sources */,
				06883DEC2F78BC26005DE47D /* TCPClient.swift in Sources */,
				06212DEA2E10DE31007A4537 /* DBTHelpView.swift in Sources */,
				0648D25D2E02326A000DC7E3 /* NMEASimulator+SentenceBuilder.swift in Sources */,
				06212E982E149D3B007A4537 /* GLLHelpView.swift in Sources */,
				06B4B2C32DF50EA2005DC523 /* NMEASimulator.swift in Sources */,
				063AADF62E949A5B003B2A7A /* OpenSeaMapView.swift in Sources */,
				06AFA93A2F8B049400A76F15 /* LiveWeather.swift in Sources */,
				06212DD72E0B6B1C007A4537 /* HDGHelpView.swift in Sources */,
			);
			runOnlyForDeploymentPostprocessing = 0;
		};
		06B4B2A02DF50AB8005DC523 /* Sources */ = {
			isa = PBXSourcesBuildPhase;
			buildActionMask = 2147483647;
			files = (
			);
			runOnlyForDeploymentPostprocessing = 0;
		};
		06B4B2AA2DF50AB8005DC523 /* Sources */ = {
			isa = PBXSourcesBuildPhase;
			buildActionMask = 2147483647;
			files = (
			);
			runOnlyForDeploymentPostprocessing = 0;
		};
/* End PBXSourcesBuildPhase section */

/* Begin PBXTargetDependency section */
		06B4B2A62DF50AB8005DC523 /* PBXTargetDependency */ = {
			isa = PBXTargetDependency;
			target = 06B4B2902DF50AB6005DC523 /* MarineSimulator */;
			targetProxy = 06B4B2A52DF50AB8005DC523 /* PBXContainerItemProxy */;
		};
		06B4B2B02DF50AB8005DC523 /* PBXTargetDependency */ = {
			isa = PBXTargetDependency;
			target = 06B4B2902DF50AB6005DC523 /* MarineSimulator */;
			targetProxy = 06B4B2AF2DF50AB8005DC523 /* PBXContainerItemProxy */;
		};
/* End PBXTargetDependency section */

/* Begin XCBuildConfiguration section */
		06B4B2B62DF50AB8005DC523 /* Debug */ = {
			isa = XCBuildConfiguration;
			buildSettings = {
				ALWAYS_SEARCH_USER_PATHS = NO;
				ASSETCATALOG_COMPILER_GENERATE_SWIFT_ASSET_SYMBOL_EXTENSIONS = YES;
				CLANG_ANALYZER_NONNULL = YES;
				CLANG_ANALYZER_NUMBER_OBJECT_CONVERSION = YES_AGGRESSIVE;
				CLANG_CXX_LANGUAGE_STANDARD = "gnu++20";
				CLANG_ENABLE_MODULES = YES;
				CLANG_ENABLE_OBJC_ARC = YES;
				CLANG_ENABLE_OBJC_WEAK = YES;
				CLANG_WARN_BLOCK_CAPTURE_AUTORELEASING = YES;
				CLANG_WARN_BOOL_CONVERSION = YES;
				CLANG_WARN_COMMA = YES;
				CLANG_WARN_CONSTANT_CONVERSION = YES;
				CLANG_WARN_DEPRECATED_OBJC_IMPLEMENTATIONS = YES;
				CLANG_WARN_DIRECT_OBJC_ISA_USAGE = YES_ERROR;
				CLANG_WARN_DOCUMENTATION_COMMENTS = YES;
				CLANG_WARN_EMPTY_BODY = YES;
				CLANG_WARN_ENUM_CONVERSION = YES;
				CLANG_WARN_INFINITE_RECURSION = YES;
				CLANG_WARN_INT_CONVERSION = YES;
				CLANG_WARN_NON_LITERAL_NULL_CONVERSION = YES;
				CLANG_WARN_OBJC_IMPLICIT_RETAIN_SELF = YES;
				CLANG_WARN_OBJC_LITERAL_CONVERSION = YES;
				CLANG_WARN_OBJC_ROOT_CLASS = YES_ERROR;
				CLANG_WARN_QUOTED_INCLUDE_IN_FRAMEWORK_HEADER = YES;
				CLANG_WARN_RANGE_LOOP_ANALYSIS = YES;
				CLANG_WARN_STRICT_PROTOTYPES = YES;
				CLANG_WARN_SUSPICIOUS_MOVE = YES;
				CLANG_WARN_UNGUARDED_AVAILABILITY = YES_AGGRESSIVE;
				CLANG_WARN_UNREACHABLE_CODE = YES;
				CLANG_WARN__DUPLICATE_METHOD_MATCH = YES;
				COPY_PHASE_STRIP = NO;
				DEAD_CODE_STRIPPING = YES;
				DEBUG_INFORMATION_FORMAT = dwarf;
				DEVELOPMENT_TEAM = V73TDMAF88;
				ENABLE_STRICT_OBJC_MSGSEND = YES;
				ENABLE_TESTABILITY = YES;
				ENABLE_USER_SCRIPT_SANDBOXING = YES;
				GCC_C_LANGUAGE_STANDARD = gnu17;
				GCC_DYNAMIC_NO_PIC = NO;
				GCC_NO_COMMON_BLOCKS = YES;
				GCC_OPTIMIZATION_LEVEL = 0;
				GCC_PREPROCESSOR_DEFINITIONS = (
					"DEBUG=1",
					"$(inherited)",
				);
				GCC_WARN_64_TO_32_BIT_CONVERSION = YES;
				GCC_WARN_ABOUT_RETURN_TYPE = YES_ERROR;
				GCC_WARN_UNDECLARED_SELECTOR = YES;
				GCC_WARN_UNINITIALIZED_AUTOS = YES_AGGRESSIVE;
				GCC_WARN_UNUSED_FUNCTION = YES;
				GCC_WARN_UNUSED_VARIABLE = YES;
				LOCALIZATION_PREFERS_STRING_CATALOGS = YES;
				MACOSX_DEPLOYMENT_TARGET = 15.0;
				MTL_ENABLE_DEBUG_INFO = INCLUDE_SOURCE;
				MTL_FAST_MATH = YES;
				ONLY_ACTIVE_ARCH = YES;
				SDKROOT = macosx;
				STRING_CATALOG_GENERATE_SYMBOLS = YES;
				SWIFT_ACTIVE_COMPILATION_CONDITIONS = "DEBUG $(inherited)";
				SWIFT_OPTIMIZATION_LEVEL = "-Onone";
			};
			name = Debug;
		};
		06B4B2B72DF50AB8005DC523 /* Release */ = {
			isa = XCBuildConfiguration;
			buildSettings = {
				ALWAYS_SEARCH_USER_PATHS = NO;
				ASSETCATALOG_COMPILER_GENERATE_SWIFT_ASSET_SYMBOL_EXTENSIONS = YES;
				CLANG_ANALYZER_NONNULL = YES;
				CLANG_ANALYZER_NUMBER_OBJECT_CONVERSION = YES_AGGRESSIVE;
				CLANG_CXX_LANGUAGE_STANDARD = "gnu++20";
				CLANG_ENABLE_MODULES = YES;
				CLANG_ENABLE_OBJC_ARC = YES;
				CLANG_ENABLE_OBJC_WEAK = YES;
				CLANG_WARN_BLOCK_CAPTURE_AUTORELEASING = YES;
				CLANG_WARN_BOOL_CONVERSION = YES;
				CLANG_WARN_COMMA = YES;
				CLANG_WARN_CONSTANT_CONVERSION = YES;
				CLANG_WARN_DEPRECATED_OBJC_IMPLEMENTATIONS = YES;
				CLANG_WARN_DIRECT_OBJC_ISA_USAGE = YES_ERROR;
				CLANG_WARN_DOCUMENTATION_COMMENTS = YES;
				CLANG_WARN_EMPTY_BODY = YES;
				CLANG_WARN_ENUM_CONVERSION = YES;
				CLANG_WARN_INFINITE_RECURSION = YES;
				CLANG_WARN_INT_CONVERSION = YES;
				CLANG_WARN_NON_LITERAL_NULL_CONVERSION = YES;
				CLANG_WARN_OBJC_IMPLICIT_RETAIN_SELF = YES;
				CLANG_WARN_OBJC_LITERAL_CONVERSION = YES;
				CLANG_WARN_OBJC_ROOT_CLASS = YES_ERROR;
				CLANG_WARN_QUOTED_INCLUDE_IN_FRAMEWORK_HEADER = YES;
				CLANG_WARN_RANGE_LOOP_ANALYSIS = YES;
				CLANG_WARN_STRICT_PROTOTYPES = YES;
				CLANG_WARN_SUSPICIOUS_MOVE = YES;
				CLANG_WARN_UNGUARDED_AVAILABILITY = YES_AGGRESSIVE;
				CLANG_WARN_UNREACHABLE_CODE = YES;
				CLANG_WARN__DUPLICATE_METHOD_MATCH = YES;
				COPY_PHASE_STRIP = NO;
				DEAD_CODE_STRIPPING = YES;
				DEBUG_INFORMATION_FORMAT = "dwarf-with-dsym";
				DEVELOPMENT_TEAM = V73TDMAF88;
				ENABLE_NS_ASSERTIONS = NO;
				ENABLE_STRICT_OBJC_MSGSEND = YES;
				ENABLE_USER_SCRIPT_SANDBOXING = YES;
				GCC_C_LANGUAGE_STANDARD = gnu17;
				GCC_NO_COMMON_BLOCKS = YES;
				GCC_WARN_64_TO_32_BIT_CONVERSION = YES;
				GCC_WARN_ABOUT_RETURN_TYPE = YES_ERROR;
				GCC_WARN_UNDECLARED_SELECTOR = YES;
				GCC_WARN_UNINITIALIZED_AUTOS = YES_AGGRESSIVE;
				GCC_WARN_UNUSED_FUNCTION = YES;
				GCC_WARN_UNUSED_VARIABLE = YES;
				LOCALIZATION_PREFERS_STRING_CATALOGS = YES;
				MACOSX_DEPLOYMENT_TARGET = 15.0;
				MTL_ENABLE_DEBUG_INFO = NO;
				MTL_FAST_MATH = YES;
				SDKROOT = macosx;
				STRING_CATALOG_GENERATE_SYMBOLS = YES;
				SWIFT_COMPILATION_MODE = wholemodule;
			};
			name = Release;
		};
		06B4B2B92DF50AB8005DC523 /* Debug */ = {
			isa = XCBuildConfiguration;
			buildSettings = {
				ASSETCATALOG_COMPILER_APPICON_NAME = AppIcon;
				ASSETCATALOG_COMPILER_GLOBAL_ACCENT_COLOR_NAME = AccentColor;
				ASSETCATALOG_COMPILER_INCLUDE_ALL_APPICON_ASSETS = YES;
				CODE_SIGN_ENTITLEMENTS = NMEASimulator/NMEASimulator.entitlements;
				CODE_SIGN_STYLE = Automatic;
				COMBINE_HIDPI_IMAGES = YES;
				CURRENT_PROJECT_VERSION = 1;
				DEAD_CODE_STRIPPING = YES;
				DEVELOPMENT_ASSET_PATHS = "\"NMEASimulator/Preview Content\"";
				ENABLE_APP_SANDBOX = YES;
				ENABLE_HARDENED_RUNTIME = YES;
				ENABLE_INCOMING_NETWORK_CONNECTIONS = YES;
				ENABLE_OUTGOING_NETWORK_CONNECTIONS = YES;
				ENABLE_PREVIEWS = YES;
				ENABLE_USER_SELECTED_FILES = readonly;
				GENERATE_INFOPLIST_FILE = YES;
				INFOPLIST_KEY_LSApplicationCategoryType = "public.app-category.utilities";
				INFOPLIST_KEY_NSHumanReadableCopyright = "";
				LD_RUNPATH_SEARCH_PATHS = (
					"$(inherited)",
					"@executable_path/../Frameworks",
				);
				MACOSX_DEPLOYMENT_TARGET = 14.6;
				MARKETING_VERSION = 1.0;
				PRODUCT_BUNDLE_IDENTIFIER = com.bacata.NMEASimulator;
				PRODUCT_NAME = "$(TARGET_NAME)";
				SWIFT_EMIT_LOC_STRINGS = YES;
				SWIFT_VERSION = 5.0;
			};
			name = Debug;
		};
		06B4B2BA2DF50AB8005DC523 /* Release */ = {
			isa = XCBuildConfiguration;
			buildSettings = {
				ASSETCATALOG_COMPILER_APPICON_NAME = AppIcon;
				ASSETCATALOG_COMPILER_GLOBAL_ACCENT_COLOR_NAME = AccentColor;
				ASSETCATALOG_COMPILER_INCLUDE_ALL_APPICON_ASSETS = YES;
				CODE_SIGN_ENTITLEMENTS = NMEASimulator/NMEASimulator.entitlements;
				CODE_SIGN_STYLE = Automatic;
				COMBINE_HIDPI_IMAGES = YES;
				CURRENT_PROJECT_VERSION = 1;
				DEAD_CODE_STRIPPING = YES;
				DEVELOPMENT_ASSET_PATHS = "\"NMEASimulator/Preview Content\"";
				ENABLE_APP_SANDBOX = YES;
				ENABLE_HARDENED_RUNTIME = YES;
				ENABLE_INCOMING_NETWORK_CONNECTIONS = YES;
				ENABLE_OUTGOING_NETWORK_CONNECTIONS = YES;
				ENABLE_PREVIEWS = YES;
				ENABLE_USER_SELECTED_FILES = readonly;
				GENERATE_INFOPLIST_FILE = YES;
				INFOPLIST_KEY_LSApplicationCategoryType = "public.app-category.utilities";
				INFOPLIST_KEY_NSHumanReadableCopyright = "";
				LD_RUNPATH_SEARCH_PATHS = (
					"$(inherited)",
					"@executable_path/../Frameworks",
				);
				MACOSX_DEPLOYMENT_TARGET = 14.6;
				MARKETING_VERSION = 1.0;
				PRODUCT_BUNDLE_IDENTIFIER = com.bacata.NMEASimulator;
				PRODUCT_NAME = "$(TARGET_NAME)";
				SWIFT_EMIT_LOC_STRINGS = YES;
				SWIFT_VERSION = 5.0;
			};
			name = Release;
		};
		06B4B2BC2DF50AB8005DC523 /* Debug */ = {
			isa = XCBuildConfiguration;
			buildSettings = {
				BUNDLE_LOADER = "$(TEST_HOST)";
				CODE_SIGN_STYLE = Automatic;
				CURRENT_PROJECT_VERSION = 1;
				DEAD_CODE_STRIPPING = YES;
				GENERATE_INFOPLIST_FILE = YES;
				MACOSX_DEPLOYMENT_TARGET = 14.6;
				MARKETING_VERSION = 1.0;
				PRODUCT_BUNDLE_IDENTIFIER = com.bacata.NMEASimulatorTests;
				PRODUCT_NAME = "$(TARGET_NAME)";
				SWIFT_EMIT_LOC_STRINGS = NO;
				SWIFT_VERSION = 5.0;
				TEST_HOST = "$(BUILT_PRODUCTS_DIR)/MarineSimulator.app/$(BUNDLE_EXECUTABLE_FOLDER_PATH)/MarineSimulator";
			};
			name = Debug;
		};
		06B4B2BD2DF50AB8005DC523 /* Release */ = {
			isa = XCBuildConfiguration;
			buildSettings = {
				BUNDLE_LOADER = "$(TEST_HOST)";
				CODE_SIGN_STYLE = Automatic;
				CURRENT_PROJECT_VERSION = 1;
				DEAD_CODE_STRIPPING = YES;
				GENERATE_INFOPLIST_FILE = YES;
				MACOSX_DEPLOYMENT_TARGET = 14.6;
				MARKETING_VERSION = 1.0;
				PRODUCT_BUNDLE_IDENTIFIER = com.bacata.NMEASimulatorTests;
				PRODUCT_NAME = "$(TARGET_NAME)";
				SWIFT_EMIT_LOC_STRINGS = NO;
				SWIFT_VERSION = 5.0;
				TEST_HOST = "$(BUILT_PRODUCTS_DIR)/MarineSimulator.app/$(BUNDLE_EXECUTABLE_FOLDER_PATH)/MarineSimulator";
			};
			name = Release;
		};
		06B4B2BF2DF50AB8005DC523 /* Debug */ = {
			isa = XCBuildConfiguration;
			buildSettings = {
				CODE_SIGN_STYLE = Automatic;
				CURRENT_PROJECT_VERSION = 1;
				DEAD_CODE_STRIPPING = YES;
				GENERATE_INFOPLIST_FILE = YES;
				MARKETING_VERSION = 1.0;
				PRODUCT_BUNDLE_IDENTIFIER = com.bacata.NMEASimulatorUITests;
				PRODUCT_NAME = "$(TARGET_NAME)";
				SWIFT_EMIT_LOC_STRINGS = NO;
				SWIFT_VERSION = 5.0;
				TEST_TARGET_NAME = NMEASimulator;
			};
			name = Debug;
		};
		06B4B2C02DF50AB8005DC523 /* Release */ = {
			isa = XCBuildConfiguration;
			buildSettings = {
				CODE_SIGN_STYLE = Automatic;
				CURRENT_PROJECT_VERSION = 1;
				DEAD_CODE_STRIPPING = YES;
				GENERATE_INFOPLIST_FILE = YES;
				MARKETING_VERSION = 1.0;
				PRODUCT_BUNDLE_IDENTIFIER = com.bacata.NMEASimulatorUITests;
				PRODUCT_NAME = "$(TARGET_NAME)";
				SWIFT_EMIT_LOC_STRINGS = NO;
				SWIFT_VERSION = 5.0;
				TEST_TARGET_NAME = NMEASimulator;
			};
			name = Release;
		};
/* End XCBuildConfiguration section */

/* Begin XCConfigurationList section */
		06B4B28C2DF50AB6005DC523 /* Build configuration list for PBXProject "MarineSimulator" */ = {
			isa = XCConfigurationList;
			buildConfigurations = (
				06B4B2B62DF50AB8005DC523 /* Debug */,
				06B4B2B72DF50AB8005DC523 /* Release */,
			);
			defaultConfigurationIsVisible = 0;
			defaultConfigurationName = Release;
		};
		06B4B2B82DF50AB8005DC523 /* Build configuration list for PBXNativeTarget "MarineSimulator" */ = {
			isa = XCConfigurationList;
			buildConfigurations = (
				06B4B2B92DF50AB8005DC523 /* Debug */,
				06B4B2BA2DF50AB8005DC523 /* Release */,
			);
			defaultConfigurationIsVisible = 0;
			defaultConfigurationName = Release;
		};
		06B4B2BB2DF50AB8005DC523 /* Build configuration list for PBXNativeTarget "MarineSimulatorTests" */ = {
			isa = XCConfigurationList;
			buildConfigurations = (
				06B4B2BC2DF50AB8005DC523 /* Debug */,
				06B4B2BD2DF50AB8005DC523 /* Release */,
			);
			defaultConfigurationIsVisible = 0;
			defaultConfigurationName = Release;
		};
		06B4B2BE2DF50AB8005DC523 /* Build configuration list for PBXNativeTarget "MarineSimulatorUITests" */ = {
			isa = XCConfigurationList;
			buildConfigurations = (
				06B4B2BF2DF50AB8005DC523 /* Debug */,
				06B4B2C02DF50AB8005DC523 /* Release */,
			);
			defaultConfigurationIsVisible = 0;
			defaultConfigurationName = Release;
		};
/* End XCConfigurationList section */
	};
	rootObject = 06B4B2892DF50AB6005DC523 /* Project object */;
}
